// !$*UTF8*$!
{
	archiveVersion = 1;
	classes = {
	};
	objectVersion = 46;
	objects = {

/* Begin PBXBuildFile section */
		8B3B9EEF1B76DFDE006302A6 /* main.m in Sources */ = {isa = PBXBuildFile; fileRef = 8B3B9EEE1B76DFDE006302A6 /* main.m */; };
		8B3B9EF71B76E009006302A6 /* ItalianHoagie.m in Sources */ = {isa = PBXBuildFile; fileRef = 8B3B9EF61B76E009006302A6 /* ItalianHoagie.m */; };
		8B3B9EFA1B76E0C6006302A6 /* Hoagie.m in Sources */ = {isa = PBXBuildFile; fileRef = 8B3B9EF91B76E0C6006302A6 /* Hoagie.m */; };
		8B3B9EFD1B76E7BC006302A6 /* VegisHoagie.m in Sources */ = {isa = PBXBuildFile; fileRef = 8B3B9EFC1B76E7BC006302A6 /* VegisHoagie.m */; };
		8B3B9F001B76E894006302A6 /* SandwichSculptor.m in Sources */ = {isa = PBXBuildFile; fileRef = 8B3B9EFF1B76E894006302A6 /* SandwichSculptor.m */; };
/* End PBXBuildFile section */

/* Begin PBXCopyFilesBuildPhase section */
		8B3B9EE91B76DFDE006302A6 /* CopyFiles */ = {
			isa = PBXCopyFilesBuildPhase;
			buildActionMask = 2147483647;
			dstPath = /usr/share/man/man1/;
			dstSubfolderSpec = 0;
			files = (
			);
			runOnlyForDeploymentPostprocessing = 1;
		};
/* End PBXCopyFilesBuildPhase section */

/* Begin PBXFileReference section */
		8B3B9EEB1B76DFDE006302A6 /* TemplateMethod */ = {isa = PBXFileReference; explicitFileType = "compiled.mach-o.executable"; includeInIndex = 0; path = TemplateMethod; sourceTree = BUILT_PRODUCTS_DIR; };
		8B3B9EEE1B76DFDE006302A6 /* main.m */ = {isa = PBXFileReference; lastKnownFileType = sourcecode.c.objc; path = main.m; sourceTree = "<group>"; };
		8B3B9EF51B76E009006302A6 /* ItalianHoagie.h */ = {isa = PBXFileReference; fileEncoding = 4; lastKnownFileType = sourcecode.c.h; path = ItalianHoagie.h; sourceTree = "<group>"; };
		8B3B9EF61B76E009006302A6 /* ItalianHoagie.m */ = {isa = PBXFileReference; fileEncoding = 4; lastKnownFileType = sourcecode.c.objc; path = ItalianHoagie.m; sourceTree = "<group>"; };
		8B3B9EF81B76E0C6006302A6 /* Hoagie.h */ = {isa = PBXFileReference; fileEncoding = 4; lastKnownFileType = sourcecode.c.h; path = Hoagie.h; sourceTree = "<group>"; };
		8B3B9EF91B76E0C6006302A6 /* Hoagie.m */ = {isa = PBXFileReference; fileEncoding = 4; lastKnownFileType = sourcecode.c.objc; path = Hoagie.m; sourceTree = "<group>"; };
		8B3B9EFB1B76E7BC006302A6 /* VegisHoagie.h */ = {isa = PBXFileReference; fileEncoding = 4; lastKnownFileType = sourcecode.c.h; path = VegisHoagie.h; sourceTree = "<group>"; };
		8B3B9EFC1B76E7BC006302A6 /* VegisHoagie.m */ = {isa = PBXFileReference; fileEncoding = 4; lastKnownFileType = sourcecode.c.objc; path = VegisHoagie.m; sourceTree = "<group>"; };
		8B3B9EFE1B76E894006302A6 /* SandwichSculptor.h */ = {isa = PBXFileReference; fileEncoding = 4; lastKnownFileType = sourcecode.c.h; path = SandwichSculptor.h; sourceTree = "<group>"; };
		8B3B9EFF1B76E894006302A6 /* SandwichSculptor.m */ = {isa = PBXFileReference; fileEncoding = 4; lastKnownFileType = sourcecode.c.objc; path = SandwichSculptor.m; sourceTree = "<group>"; };
/* End PBXFileReference section */

/* Begin PBXFrameworksBuildPhase section */
		8B3B9EE81B76DFDE006302A6 /* Frameworks */ = {
			isa = PBXFrameworksBuildPhase;
			buildActionMask = 2147483647;
			files = (
			);
			runOnlyForDeploymentPostprocessing = 0;
		};
/* End PBXFrameworksBuildPhase section */

/* Begin PBXGroup section */
		8B3B9EE21B76DFDE006302A6 = {
			isa = PBXGroup;
			children = (
				8B3B9EED1B76DFDE006302A6 /* TemplateMethod */,
				8B3B9EEC1B76DFDE006302A6 /* Products */,
			);
			sourceTree = "<group>";
		};
		8B3B9EEC1B76DFDE006302A6 /* Products */ = {
			isa = PBXGroup;
			children = (
				8B3B9EEB1B76DFDE006302A6 /* TemplateMethod */,
			);
			name = Products;
			sourceTree = "<group>";
		};
		8B3B9EED1B76DFDE006302A6 /* TemplateMethod */ = {
			isa = PBXGroup;
			children = (
				8B3B9EEE1B76DFDE006302A6 /* main.m */,
				8B3B9EF81B76E0C6006302A6 /* Hoagie.h */,
				8B3B9EF91B76E0C6006302A6 /* Hoagie.m */,
				8B3B9EF51B76E009006302A6 /* ItalianHoagie.h */,
				8B3B9EF61B76E009006302A6 /* ItalianHoagie.m */,
				8B3B9EFB1B76E7BC006302A6 /* VegisHoagie.h */,
				8B3B9EFC1B76E7BC006302A6 /* VegisHoagie.m */,
				8B3B9EFE1B76E894006302A6 /* SandwichSculptor.h */,
				8B3B9EFF1B76E894006302A6 /* SandwichSculptor.m */,
			);
			path = TemplateMethod;
			sourceTree = "<group>";
		};
/* End PBXGroup section */

/* Begin PBXNativeTarget section */
		8B3B9EEA1B76DFDE006302A6 /* TemplateMethod */ = {
			isa = PBXNativeTarget;
			buildConfigurationList = 8B3B9EF21B76DFDE006302A6 /* Build configuration list for PBXNativeTarget "TemplateMethod" */;
			buildPhases = (
				8B3B9EE71B76DFDE006302A6 /* Sources */,
				8B3B9EE81B76DFDE006302A6 /* Frameworks */,
				8B3B9EE91B76DFDE006302A6 /* CopyFiles */,
			);
			buildRules = (
			);
			dependencies = (
			);
			name = TemplateMethod;
			productName = TemplateMethod;
			productReference = 8B3B9EEB1B76DFDE006302A6 /* TemplateMethod */;
			productType = "com.apple.product-type.tool";
		};
/* End PBXNativeTarget section */

/* Begin PBXProject section */
		8B3B9EE31B76DFDE006302A6 /* Project object */ = {
			isa = PBXProject;
			attributes = {
				LastUpgradeCheck = 0640;
				ORGANIZATIONNAME = Adrian;
				TargetAttributes = {
					8B3B9EEA1B76DFDE006302A6 = {
						CreatedOnToolsVersion = 6.4;
					};
				};
			};
			buildConfigurationList = 8B3B9EE61B76DFDE006302A6 /* Build configuration list for PBXProject "TemplateMethod" */;
			compatibilityVersion = "Xcode 3.2";
			developmentRegion = English;
			hasScannedForEncodings = 0;
			knownRegions = (
				en,
			);
			mainGroup = 8B3B9EE21B76DFDE006302A6;
			productRefGroup = 8B3B9EEC1B76DFDE006302A6 /* Products */;
			projectDirPath = "";
			projectRoot = "";
			targets = (
				8B3B9EEA1B76DFDE006302A6 /* TemplateMethod */,
			);
		};
/* End PBXProject section */

/* Begin PBXSourcesBuildPhase section */
		8B3B9EE71B76DFDE006302A6 /* Sources */ = {
			isa = PBXSourcesBuildPhase;
			buildActionMask = 2147483647;
			files = (
				8B3B9F001B76E894006302A6 /* SandwichSculptor.m in Sources */,
				8B3B9EFA1B76E0C6006302A6 /* Hoagie.m in Sources */,
				8B3B9EEF1B76DFDE006302A6 /* main.m in Sources */,
				8B3B9EF71B76E009006302A6 /* ItalianHoagie.m in Sources */,
				8B3B9EFD1B76E7BC006302A6 /* VegisHoagie.m in Sources */,
			);
			runOnlyForDeploymentPostprocessing = 0;
		};
/* End PBXSourcesBuildPhase section */

/* Begin XCBuildConfiguration section */
		8B3B9EF01B76DFDE006302A6 /* Debug */ = {
			isa = XCBuildConfiguration;
			buildSettings = {
				ALWAYS_SEARCH_USER_PATHS = NO;
				CLANG_CXX_LANGUAGE_STANDARD = "gnu++0x";
				CLANG_CXX_LIBRARY = "libc++";
				CLANG_ENABLE_MODULES = YES;
				CLANG_ENABLE_OBJC_ARC = YES;
				CLANG_WARN_BOOL_CONVERSION = YES;
				CLANG_WARN_CONSTANT_CONVERSION = YES;
				CLANG_WARN_DIRECT_OBJC_ISA_USAGE = YES_ERROR;
				CLANG_WARN_EMPTY_BODY = YES;
				CLANG_WARN_ENUM_CONVERSION = YES;
				CLANG_WARN_INT_CONVERSION = YES;
				CLANG_WARN_OBJC_ROOT_CLASS = YES_ERROR;
				CLANG_WARN_UNREACHABLE_CODE = YES;
				CLANG_WARN__DUPLICATE_METHOD_MATCH = YES;
				COPY_PHASE_STRIP = NO;
				DEBUG_INFORMATION_FORMAT = dwarf;
				ENABLE_STRICT_OBJC_MSGSEND = YES;
				GCC_C_LANGUAGE_STANDARD = gnu99;
				GCC_DYNAMIC_NO_PIC = NO;
				GCC_NO_COMMON_BLOCKS = YES;
				GCC_OPTIMIZATION_LEVEL = 0;
				GCC_PREPROCESSOR_DEFINITIONS = (
					"DEBUG=1",
					"$(inherited)",
				);
				GCC_SYMBOLS_PRIVATE_EXTERN = NO;
				GCC_WARN_64_TO_32_BIT_CONVERSION = YES;
				GCC_WARN_ABOUT_RETURN_TYPE = YES_ERROR;
				GCC_WARN_UNDECLARED_SELECTOR = YES;
				GCC_WARN_UNINITIALIZED_AUTOS = YES_AGGRESSIVE;
				GCC_WARN_UNUSED_FUNCTION = YES;
				GCC_WARN_UNUSED_VARIABLE = YES;
				MACOSX_DEPLOYMENT_TARGET = 10.10;
				MTL_ENABLE_DEBUG_INFO = YES;
				ONLY_ACTIVE_ARCH = YES;
				SDKROOT = macosx;
			};
			name = Debug;
		};
		8B3B9EF11B76DFDE006302A6 /* Release */ = {
			isa = XCBuildConfiguration;
			buildSettings = {
				ALWAYS_SEARCH_USER_PATHS = NO;
				CLANG_CXX_LANGUAGE_STANDARD = "gnu++0x";
				CLANG_CXX_LIBRARY = "libc++";
				CLANG_ENABLE_MODULES = YES;
				CLANG_ENABLE_OBJC_ARC = YES;
				CLANG_WARN_BOOL_CONVERSION = YES;
				CLANG_WARN_CONSTANT_CONVERSION = YES;
				CLANG_WARN_DIRECT_OBJC_ISA_USAGE = YES_ERROR;
				CLANG_WARN_EMPTY_BODY = YES;
				CLANG_WARN_ENUM_CONVERSION = YES;
				CLANG_WARN_INT_CONVERSION = YES;
				CLANG_WARN_OBJC_ROOT_CLASS = YES_ERROR;
				CLANG_WARN_UNREACHABLE_CODE = YES;
				CLANG_WARN__DUPLICATE_METHOD_MATCH = YES;
				COPY_PHASE_STRIP = NO;
				DEBUG_INFORMATION_FORMAT = "dwarf-with-dsym";
				ENABLE_NS_ASSERTIONS = NO;
				ENABLE_STRICT_OBJC_MSGSEND = YES;
				GCC_C_LANGUAGE_STANDARD = gnu99;
				GCC_NO_COMMON_BLOCKS = YES;
				GCC_WARN_64_TO_32_BIT_CONVERSION = YES;
				GCC_WARN_ABOUT_RETURN_TYPE = YES_ERROR;
				GCC_WARN_UNDECLARED_SELECTOR = YES;
				GCC_WARN_UNINITIALIZED_AUTOS = YES_AGGRESSIVE;
				GCC_WARN_UNUSED_FUNCTION = YES;
				GCC_WARN_UNUSED_VARIABLE = YES;
				MACOSX_DEPLOYMENT_TARGET = 10.10;
				MTL_ENABLE_DEBUG_INFO = NO;
				SDKROOT = macosx;
			};
			name = Release;
		};
		8B3B9EF31B76DFDE006302A6 /* Debug */ = {
			isa = XCBuildConfiguration;
			buildSettings = {
				PRODUCT_NAME = "$(TARGET_NAME)";
			};
			name = Debug;
		};
		8B3B9EF41B76DFDE006302A6 /* Release */ = {
			isa = XCBuildConfiguration;
			buildSettings = {
				PRODUCT_NAME = "$(TARGET_NAME)";
			};
			name = Release;
		};
/* End XCBuildConfiguration section */

/* Begin XCConfigurationList section */
		8B3B9EE61B76DFDE006302A6 /* Build configuration list for PBXProject "TemplateMethod" */ = {
			isa = XCConfigurationList;
			buildConfigurations = (
				8B3B9EF01B76DFDE006302A6 /* Debug */,
				8B3B9EF11B76DFDE006302A6 /* Release */,
			);
			defaultConfigurationIsVisible = 0;
			defaultConfigurationName = Release;
		};
		8B3B9EF21B76DFDE006302A6 /* Build configuration list for PBXNativeTarget "TemplateMethod" */ = {
			isa = XCConfigurationList;
			buildConfigurations = (
				8B3B9EF31B76DFDE006302A6 /* Debug */,
				8B3B9EF41B76DFDE006302A6 /* Release */,
			);
			defaultConfigurationIsVisible = 0;
		};
/* End XCConfigurationList section */
	};
	rootObject = 8B3B9EE31B76DFDE006302A6 /* Project object */;
}
